// !$*UTF8*$!
{
	archiveVersion = 1;
	classes = {
	};
	objectVersion = 46;
	objects = {

/* Begin PBXBuildFile section */
		1B275B0B1DEC086500E17C84 /* FoodTypePickerController.swift in Sources */ = {isa = PBXBuildFile; fileRef = 1B275B0A1DEC086500E17C84 /* FoodTypePickerController.swift */; };
		1B275B0D1DEC0A2D00E17C84 /* MainTabBarViewController.swift in Sources */ = {isa = PBXBuildFile; fileRef = 1B275B0C1DEC0A2D00E17C84 /* MainTabBarViewController.swift */; };
		1B3407381DE688320002CC80 /* PantryController.swift in Sources */ = {isa = PBXBuildFile; fileRef = 1B3407371DE688320002CC80 /* PantryController.swift */; };
		1B50578B1DE8D445000F43A7 /* AddItemViewController.swift in Sources */ = {isa = PBXBuildFile; fileRef = 1B50578A1DE8D445000F43A7 /* AddItemViewController.swift */; };
		1B7ECD4A1DF223630045E3E8 /* CalendarViewController.swift in Sources */ = {isa = PBXBuildFile; fileRef = 1B7ECD491DF223630045E3E8 /* CalendarViewController.swift */; };
		1B7ECD4C1DF22D0C0045E3E8 /* MealViewController.swift in Sources */ = {isa = PBXBuildFile; fileRef = 1B7ECD4B1DF22D0C0045E3E8 /* MealViewController.swift */; };
		1B89C0C21DF3679300252120 /* MealPlannerViewController.swift in Sources */ = {isa = PBXBuildFile; fileRef = 1B89C0C11DF3679300252120 /* MealPlannerViewController.swift */; };
		1BCEDCF51DEA2F79005F3AFF /* PantryDetailController.swift in Sources */ = {isa = PBXBuildFile; fileRef = 1BCEDCF41DEA2F79005F3AFF /* PantryDetailController.swift */; };
		521011871DF7652D007D6262 /* PlanningAlgorithm.swift in Sources */ = {isa = PBXBuildFile; fileRef = 521011861DF7652D007D6262 /* PlanningAlgorithm.swift */; };
		527594791DF369C900FCA655 /* bldTests.swift in Sources */ = {isa = PBXBuildFile; fileRef = 527594781DF369C900FCA655 /* bldTests.swift */; };
		529E5F691DF35DE600398AA7 /* APIInterface.swift in Sources */ = {isa = PBXBuildFile; fileRef = 529E5F681DF35DE600398AA7 /* APIInterface.swift */; };
		570454AA1DDD171A00396BC1 /* BldModel.swift in Sources */ = {isa = PBXBuildFile; fileRef = 570454A91DDD171A00396BC1 /* BldModel.swift */; };
		570856B61DDBC6DD00668C74 /* AppDelegate.swift in Sources */ = {isa = PBXBuildFile; fileRef = 570856B51DDBC6DD00668C74 /* AppDelegate.swift */; };
		570856B81DDBC6DD00668C74 /* ViewController.swift in Sources */ = {isa = PBXBuildFile; fileRef = 570856B71DDBC6DD00668C74 /* ViewController.swift */; };
		570856BB1DDBC6DD00668C74 /* Main.storyboard in Resources */ = {isa = PBXBuildFile; fileRef = 570856B91DDBC6DD00668C74 /* Main.storyboard */; };
		570856BE1DDBC6DD00668C74 /* bld.xcdatamodeld in Sources */ = {isa = PBXBuildFile; fileRef = 570856BC1DDBC6DD00668C74 /* bld.xcdatamodeld */; };
		570856C01DDBC6DD00668C74 /* Assets.xcassets in Resources */ = {isa = PBXBuildFile; fileRef = 570856BF1DDBC6DD00668C74 /* Assets.xcassets */; };
		570856C31DDBC6DD00668C74 /* LaunchScreen.storyboard in Resources */ = {isa = PBXBuildFile; fileRef = 570856C11DDBC6DD00668C74 /* LaunchScreen.storyboard */; };
		57A81C821DEFE1F800ADD036 /* MealRestrictionViewController.swift in Sources */ = {isa = PBXBuildFile; fileRef = 57A81C811DEFE1F800ADD036 /* MealRestrictionViewController.swift */; };
/* End PBXBuildFile section */

/* Begin PBXContainerItemProxy section */
		5275947B1DF369C900FCA655 /* PBXContainerItemProxy */ = {
			isa = PBXContainerItemProxy;
			containerPortal = 570856AA1DDBC6DC00668C74 /* Project object */;
			proxyType = 1;
			remoteGlobalIDString = 570856B11DDBC6DC00668C74;
			remoteInfo = bld;
		};
/* End PBXContainerItemProxy section */

/* Begin PBXFileReference section */
		1B275B0A1DEC086500E17C84 /* FoodTypePickerController.swift */ = {isa = PBXFileReference; fileEncoding = 4; lastKnownFileType = sourcecode.swift; path = FoodTypePickerController.swift; sourceTree = "<group>"; };
		1B275B0C1DEC0A2D00E17C84 /* MainTabBarViewController.swift */ = {isa = PBXFileReference; fileEncoding = 4; lastKnownFileType = sourcecode.swift; path = MainTabBarViewController.swift; sourceTree = "<group>"; };
		1B3407371DE688320002CC80 /* PantryController.swift */ = {isa = PBXFileReference; fileEncoding = 4; lastKnownFileType = sourcecode.swift; path = PantryController.swift; sourceTree = "<group>"; };
		1B50578A1DE8D445000F43A7 /* AddItemViewController.swift */ = {isa = PBXFileReference; fileEncoding = 4; lastKnownFileType = sourcecode.swift; path = AddItemViewController.swift; sourceTree = "<group>"; };
		1B7ECD491DF223630045E3E8 /* CalendarViewController.swift */ = {isa = PBXFileReference; fileEncoding = 4; lastKnownFileType = sourcecode.swift; path = CalendarViewController.swift; sourceTree = "<group>"; };
		1B7ECD4B1DF22D0C0045E3E8 /* MealViewController.swift */ = {isa = PBXFileReference; fileEncoding = 4; lastKnownFileType = sourcecode.swift; path = MealViewController.swift; sourceTree = "<group>"; };
		1B89C0C11DF3679300252120 /* MealPlannerViewController.swift */ = {isa = PBXFileReference; fileEncoding = 4; lastKnownFileType = sourcecode.swift; path = MealPlannerViewController.swift; sourceTree = "<group>"; };
		1BCEDCF41DEA2F79005F3AFF /* PantryDetailController.swift */ = {isa = PBXFileReference; fileEncoding = 4; lastKnownFileType = sourcecode.swift; path = PantryDetailController.swift; sourceTree = "<group>"; };
		521011861DF7652D007D6262 /* PlanningAlgorithm.swift */ = {isa = PBXFileReference; fileEncoding = 4; lastKnownFileType = sourcecode.swift; path = PlanningAlgorithm.swift; sourceTree = "<group>"; };
		527594761DF369C900FCA655 /* bldTests.xctest */ = {isa = PBXFileReference; explicitFileType = wrapper.cfbundle; includeInIndex = 0; path = bldTests.xctest; sourceTree = BUILT_PRODUCTS_DIR; };
		527594781DF369C900FCA655 /* bldTests.swift */ = {isa = PBXFileReference; lastKnownFileType = sourcecode.swift; path = bldTests.swift; sourceTree = "<group>"; };
		5275947A1DF369C900FCA655 /* Info.plist */ = {isa = PBXFileReference; lastKnownFileType = text.plist.xml; path = Info.plist; sourceTree = "<group>"; };
		529E5F681DF35DE600398AA7 /* APIInterface.swift */ = {isa = PBXFileReference; fileEncoding = 4; lastKnownFileType = sourcecode.swift; path = APIInterface.swift; sourceTree = "<group>"; };
		570454A91DDD171A00396BC1 /* BldModel.swift */ = {isa = PBXFileReference; fileEncoding = 4; lastKnownFileType = sourcecode.swift; path = BldModel.swift; sourceTree = "<group>"; };
		570856B21DDBC6DD00668C74 /* bld.app */ = {isa = PBXFileReference; explicitFileType = wrapper.application; includeInIndex = 0; path = bld.app; sourceTree = BUILT_PRODUCTS_DIR; };
		570856B51DDBC6DD00668C74 /* AppDelegate.swift */ = {isa = PBXFileReference; lastKnownFileType = sourcecode.swift; path = AppDelegate.swift; sourceTree = "<group>"; };
		570856B71DDBC6DD00668C74 /* ViewController.swift */ = {isa = PBXFileReference; lastKnownFileType = sourcecode.swift; path = ViewController.swift; sourceTree = "<group>"; };
		570856BA1DDBC6DD00668C74 /* Base */ = {isa = PBXFileReference; lastKnownFileType = file.storyboard; name = Base; path = Base.lproj/Main.storyboard; sourceTree = "<group>"; };
		570856BD1DDBC6DD00668C74 /* bld.xcdatamodel */ = {isa = PBXFileReference; lastKnownFileType = wrapper.xcdatamodel; path = bld.xcdatamodel; sourceTree = "<group>"; };
		570856BF1DDBC6DD00668C74 /* Assets.xcassets */ = {isa = PBXFileReference; lastKnownFileType = folder.assetcatalog; path = Assets.xcassets; sourceTree = "<group>"; };
		570856C21DDBC6DD00668C74 /* Base */ = {isa = PBXFileReference; lastKnownFileType = file.storyboard; name = Base; path = Base.lproj/LaunchScreen.storyboard; sourceTree = "<group>"; };
		570856C41DDBC6DD00668C74 /* Info.plist */ = {isa = PBXFileReference; lastKnownFileType = text.plist.xml; path = Info.plist; sourceTree = "<group>"; };
		57A81C811DEFE1F800ADD036 /* MealRestrictionViewController.swift */ = {isa = PBXFileReference; fileEncoding = 4; lastKnownFileType = sourcecode.swift; path = MealRestrictionViewController.swift; sourceTree = "<group>"; };
/* End PBXFileReference section */

/* Begin PBXFrameworksBuildPhase section */
		527594731DF369C900FCA655 /* Frameworks */ = {
			isa = PBXFrameworksBuildPhase;
			buildActionMask = 2147483647;
			files = (
			);
			runOnlyForDeploymentPostprocessing = 0;
		};
		570856AF1DDBC6DC00668C74 /* Frameworks */ = {
			isa = PBXFrameworksBuildPhase;
			buildActionMask = 2147483647;
			files = (
			);
			runOnlyForDeploymentPostprocessing = 0;
		};
/* End PBXFrameworksBuildPhase section */

/* Begin PBXGroup section */
		1B3407391DE688460002CC80 /* Pantry */ = {
			isa = PBXGroup;
			children = (
				1B3407371DE688320002CC80 /* PantryController.swift */,
				1BCEDCF41DEA2F79005F3AFF /* PantryDetailController.swift */,
				1B50578A1DE8D445000F43A7 /* AddItemViewController.swift */,
				1B275B0A1DEC086500E17C84 /* FoodTypePickerController.swift */,
			);
			name = Pantry;
			sourceTree = "<group>";
		};
		1B78C82F1DF0EE0400178832 /* Setup */ = {
			isa = PBXGroup;
			children = (
				570856B71DDBC6DD00668C74 /* ViewController.swift */,
				57A81C811DEFE1F800ADD036 /* MealRestrictionViewController.swift */,
			);
			name = Setup;
			sourceTree = "<group>";
		};
		1B78C8321DF12EFD00178832 /* Calendar */ = {
			isa = PBXGroup;
			children = (
				1B7ECD491DF223630045E3E8 /* CalendarViewController.swift */,
				1B7ECD4B1DF22D0C0045E3E8 /* MealViewController.swift */,
				1B89C0C11DF3679300252120 /* MealPlannerViewController.swift */,
			);
			name = Calendar;
			path = ..;
			sourceTree = "<group>";
		};
		527594771DF369C900FCA655 /* bldTests */ = {
			isa = PBXGroup;
			children = (
				527594781DF369C900FCA655 /* bldTests.swift */,
				5275947A1DF369C900FCA655 /* Info.plist */,
			);
			path = bldTests;
			sourceTree = "<group>";
		};
		570454A81DDD16E300396BC1 /* Model */ = {
			isa = PBXGroup;
			children = (
				570454A91DDD171A00396BC1 /* BldModel.swift */,
				529E5F681DF35DE600398AA7 /* APIInterface.swift */,
				521011861DF7652D007D6262 /* PlanningAlgorithm.swift */,
			);
			name = Model;
			sourceTree = "<group>";
		};
		570856A91DDBC6DC00668C74 = {
			isa = PBXGroup;
			children = (
				570856B41DDBC6DD00668C74 /* bld */,
				527594771DF369C900FCA655 /* bldTests */,
				570856B31DDBC6DD00668C74 /* Products */,
			);
			sourceTree = "<group>";
		};
		570856B31DDBC6DD00668C74 /* Products */ = {
			isa = PBXGroup;
			children = (
				570856B21DDBC6DD00668C74 /* bld.app */,
				527594761DF369C900FCA655 /* bldTests.xctest */,
			);
			name = Products;
			sourceTree = "<group>";
		};
		570856B41DDBC6DD00668C74 /* bld */ = {
			isa = PBXGroup;
			children = (
				570454A81DDD16E300396BC1 /* Model */,
				1B78C82F1DF0EE0400178832 /* Setup */,
				1B3407391DE688460002CC80 /* Pantry */,
				1B78C8321DF12EFD00178832 /* Calendar */,
				1B275B0C1DEC0A2D00E17C84 /* MainTabBarViewController.swift */,
				570856B91DDBC6DD00668C74 /* Main.storyboard */,
				570856C11DDBC6DD00668C74 /* LaunchScreen.storyboard */,
				570856C41DDBC6DD00668C74 /* Info.plist */,
				570856BC1DDBC6DD00668C74 /* bld.xcdatamodeld */,
				570856B51DDBC6DD00668C74 /* AppDelegate.swift */,
				570856BF1DDBC6DD00668C74 /* Assets.xcassets */,
			);
			path = bld;
			sourceTree = "<group>";
		};
/* End PBXGroup section */

/* Begin PBXNativeTarget section */
		527594751DF369C900FCA655 /* bldTests */ = {
			isa = PBXNativeTarget;
			buildConfigurationList = 5275947D1DF369C900FCA655 /* Build configuration list for PBXNativeTarget "bldTests" */;
			buildPhases = (
				527594721DF369C900FCA655 /* Sources */,
				527594731DF369C900FCA655 /* Frameworks */,
				527594741DF369C900FCA655 /* Resources */,
			);
			buildRules = (
			);
			dependencies = (
				5275947C1DF369C900FCA655 /* PBXTargetDependency */,
			);
			name = bldTests;
			productName = bldTests;
			productReference = 527594761DF369C900FCA655 /* bldTests.xctest */;
			productType = "com.apple.product-type.bundle.unit-test";
		};
		570856B11DDBC6DC00668C74 /* bld */ = {
			isa = PBXNativeTarget;
			buildConfigurationList = 570856C71DDBC6DD00668C74 /* Build configuration list for PBXNativeTarget "bld" */;
			buildPhases = (
				570856AE1DDBC6DC00668C74 /* Sources */,
				570856AF1DDBC6DC00668C74 /* Frameworks */,
				570856B01DDBC6DC00668C74 /* Resources */,
			);
			buildRules = (
			);
			dependencies = (
			);
			name = bld;
			productName = bld;
			productReference = 570856B21DDBC6DD00668C74 /* bld.app */;
			productType = "com.apple.product-type.application";
		};
/* End PBXNativeTarget section */

/* Begin PBXProject section */
		570856AA1DDBC6DC00668C74 /* Project object */ = {
			isa = PBXProject;
			attributes = {
				LastSwiftUpdateCheck = 0810;
				LastUpgradeCheck = 0810;
				ORGANIZATIONNAME = "Eric Fakhourian";
				TargetAttributes = {
					527594751DF369C900FCA655 = {
						CreatedOnToolsVersion = 8.1;
						ProvisioningStyle = Automatic;
						TestTargetID = 570856B11DDBC6DC00668C74;
					};
					570856B11DDBC6DC00668C74 = {
						CreatedOnToolsVersion = 8.1;
						ProvisioningStyle = Automatic;
					};
				};
			};
			buildConfigurationList = 570856AD1DDBC6DC00668C74 /* Build configuration list for PBXProject "bld" */;
			compatibilityVersion = "Xcode 3.2";
			developmentRegion = English;
			hasScannedForEncodings = 0;
			knownRegions = (
				en,
				Base,
			);
			mainGroup = 570856A91DDBC6DC00668C74;
			productRefGroup = 570856B31DDBC6DD00668C74 /* Products */;
			projectDirPath = "";
			projectRoot = "";
			targets = (
				570856B11DDBC6DC00668C74 /* bld */,
				527594751DF369C900FCA655 /* bldTests */,
			);
		};
/* End PBXProject section */

/* Begin PBXResourcesBuildPhase section */
		527594741DF369C900FCA655 /* Resources */ = {
			isa = PBXResourcesBuildPhase;
			buildActionMask = 2147483647;
			files = (
			);
			runOnlyForDeploymentPostprocessing = 0;
		};
		570856B01DDBC6DC00668C74 /* Resources */ = {
			isa = PBXResourcesBuildPhase;
			buildActionMask = 2147483647;
			files = (
				570856C31DDBC6DD00668C74 /* LaunchScreen.storyboard in Resources */,
				570856C01DDBC6DD00668C74 /* Assets.xcassets in Resources */,
				570856BB1DDBC6DD00668C74 /* Main.storyboard in Resources */,
			);
			runOnlyForDeploymentPostprocessing = 0;
		};
/* End PBXResourcesBuildPhase section */

/* Begin PBXSourcesBuildPhase section */
		527594721DF369C900FCA655 /* Sources */ = {
			isa = PBXSourcesBuildPhase;
			buildActionMask = 2147483647;
			files = (
				527594791DF369C900FCA655 /* bldTests.swift in Sources */,
			);
			runOnlyForDeploymentPostprocessing = 0;
		};
		570856AE1DDBC6DC00668C74 /* Sources */ = {
			isa = PBXSourcesBuildPhase;
			buildActionMask = 2147483647;
			files = (
				1B3407381DE688320002CC80 /* PantryController.swift in Sources */,
				570454AA1DDD171A00396BC1 /* BldModel.swift in Sources */,
				570856BE1DDBC6DD00668C74 /* bld.xcdatamodeld in Sources */,
				1B7ECD4A1DF223630045E3E8 /* CalendarViewController.swift in Sources */,
				1B275B0D1DEC0A2D00E17C84 /* MainTabBarViewController.swift in Sources */,
				1B7ECD4C1DF22D0C0045E3E8 /* MealViewController.swift in Sources */,
				521011871DF7652D007D6262 /* PlanningAlgorithm.swift in Sources */,
				1BCEDCF51DEA2F79005F3AFF /* PantryDetailController.swift in Sources */,
				570856B81DDBC6DD00668C74 /* ViewController.swift in Sources */,
				1B89C0C21DF3679300252120 /* MealPlannerViewController.swift in Sources */,
				57A81C821DEFE1F800ADD036 /* MealRestrictionViewController.swift in Sources */,
				1B275B0B1DEC086500E17C84 /* FoodTypePickerController.swift in Sources */,
				570856B61DDBC6DD00668C74 /* AppDelegate.swift in Sources */,
				529E5F691DF35DE600398AA7 /* APIInterface.swift in Sources */,
				1B50578B1DE8D445000F43A7 /* AddItemViewController.swift in Sources */,
			);
			runOnlyForDeploymentPostprocessing = 0;
		};
/* End PBXSourcesBuildPhase section */

/* Begin PBXTargetDependency section */
		5275947C1DF369C900FCA655 /* PBXTargetDependency */ = {
			isa = PBXTargetDependency;
			target = 570856B11DDBC6DC00668C74 /* bld */;
			targetProxy = 5275947B1DF369C900FCA655 /* PBXContainerItemProxy */;
		};
/* End PBXTargetDependency section */

/* Begin PBXVariantGroup section */
		570856B91DDBC6DD00668C74 /* Main.storyboard */ = {
			isa = PBXVariantGroup;
			children = (
				570856BA1DDBC6DD00668C74 /* Base */,
			);
			name = Main.storyboard;
			sourceTree = "<group>";
		};
		570856C11DDBC6DD00668C74 /* LaunchScreen.storyboard */ = {
			isa = PBXVariantGroup;
			children = (
				570856C21DDBC6DD00668C74 /* Base */,
			);
			name = LaunchScreen.storyboard;
			sourceTree = "<group>";
		};
/* End PBXVariantGroup section */

/* Begin XCBuildConfiguration section */
		5275947E1DF369C900FCA655 /* Debug */ = {
			isa = XCBuildConfiguration;
			buildSettings = {
				BUNDLE_LOADER = "$(TEST_HOST)";
				INFOPLIST_FILE = bldTests/Info.plist;
				LD_RUNPATH_SEARCH_PATHS = "$(inherited) @executable_path/Frameworks @loader_path/Frameworks";
				PRODUCT_BUNDLE_IDENTIFIER = bld.bldTests;
				PRODUCT_NAME = "$(TARGET_NAME)";
				SWIFT_VERSION = 3.0;
				TEST_HOST = "$(BUILT_PRODUCTS_DIR)/bld.app/bld";
			};
			name = Debug;
		};
		5275947F1DF369C900FCA655 /* Release */ = {
			isa = XCBuildConfiguration;
			buildSettings = {
				BUNDLE_LOADER = "$(TEST_HOST)";
				INFOPLIST_FILE = bldTests/Info.plist;
				LD_RUNPATH_SEARCH_PATHS = "$(inherited) @executable_path/Frameworks @loader_path/Frameworks";
				PRODUCT_BUNDLE_IDENTIFIER = bld.bldTests;
				PRODUCT_NAME = "$(TARGET_NAME)";
				SWIFT_VERSION = 3.0;
				TEST_HOST = "$(BUILT_PRODUCTS_DIR)/bld.app/bld";
			};
			name = Release;
		};
		570856C51DDBC6DD00668C74 /* Debug */ = {
			isa = XCBuildConfiguration;
			buildSettings = {
				ALWAYS_SEARCH_USER_PATHS = NO;
				CLANG_ANALYZER_NONNULL = YES;
				CLANG_CXX_LANGUAGE_STANDARD = "gnu++0x";
				CLANG_CXX_LIBRARY = "libc++";
				CLANG_ENABLE_MODULES = YES;
				CLANG_ENABLE_OBJC_ARC = YES;
				CLANG_WARN_BOOL_CONVERSION = YES;
				CLANG_WARN_CONSTANT_CONVERSION = YES;
				CLANG_WARN_DIRECT_OBJC_ISA_USAGE = YES_ERROR;
				CLANG_WARN_DOCUMENTATION_COMMENTS = YES;
				CLANG_WARN_EMPTY_BODY = YES;
				CLANG_WARN_ENUM_CONVERSION = YES;
				CLANG_WARN_INFINITE_RECURSION = YES;
				CLANG_WARN_INT_CONVERSION = YES;
				CLANG_WARN_OBJC_ROOT_CLASS = YES_ERROR;
				CLANG_WARN_SUSPICIOUS_MOVES = YES;
				CLANG_WARN_UNREACHABLE_CODE = YES;
				CLANG_WARN__DUPLICATE_METHOD_MATCH = YES;
				"CODE_SIGN_IDENTITY[sdk=iphoneos*]" = "iPhone Developer";
				COPY_PHASE_STRIP = NO;
				DEBUG_INFORMATION_FORMAT = dwarf;
				ENABLE_STRICT_OBJC_MSGSEND = YES;
				ENABLE_TESTABILITY = YES;
				GCC_C_LANGUAGE_STANDARD = gnu99;
				GCC_DYNAMIC_NO_PIC = NO;
				GCC_NO_COMMON_BLOCKS = YES;
				GCC_OPTIMIZATION_LEVEL = 0;
				GCC_PREPROCESSOR_DEFINITIONS = (
					"DEBUG=1",
					"$(inherited)",
				);
				GCC_WARN_64_TO_32_BIT_CONVERSION = YES;
				GCC_WARN_ABOUT_RETURN_TYPE = YES_ERROR;
				GCC_WARN_UNDECLARED_SELECTOR = YES;
				GCC_WARN_UNINITIALIZED_AUTOS = YES_AGGRESSIVE;
				GCC_WARN_UNUSED_FUNCTION = YES;
				GCC_WARN_UNUSED_VARIABLE = YES;
				IPHONEOS_DEPLOYMENT_TARGET = 10.1;
				MTL_ENABLE_DEBUG_INFO = YES;
				ONLY_ACTIVE_ARCH = YES;
				SDKROOT = iphoneos;
				SWIFT_ACTIVE_COMPILATION_CONDITIONS = DEBUG;
				SWIFT_OPTIMIZATION_LEVEL = "-Onone";
				TARGETED_DEVICE_FAMILY = "1,2";
			};
			name = Debug;
		};
		570856C61DDBC6DD00668C74 /* Release */ = {
			isa = XCBuildConfiguration;
			buildSettings = {
				ALWAYS_SEARCH_USER_PATHS = NO;
				CLANG_ANALYZER_NONNULL = YES;
				CLANG_CXX_LANGUAGE_STANDARD = "gnu++0x";
				CLANG_CXX_LIBRARY = "libc++";
				CLANG_ENABLE_MODULES = YES;
				CLANG_ENABLE_OBJC_ARC = YES;
				CLANG_WARN_BOOL_CONVERSION = YES;
				CLANG_WARN_CONSTANT_CONVERSION = YES;
				CLANG_WARN_DIRECT_OBJC_ISA_USAGE = YES_ERROR;
				CLANG_WARN_DOCUMENTATION_COMMENTS = YES;
				CLANG_WARN_EMPTY_BODY = YES;
				CLANG_WARN_ENUM_CONVERSION = YES;
				CLANG_WARN_INFINITE_RECURSION = YES;
				CLANG_WARN_INT_CONVERSION = YES;
				CLANG_WARN_OBJC_ROOT_CLASS = YES_ERROR;
				CLANG_WARN_SUSPICIOUS_MOVES = YES;
				CLANG_WARN_UNREACHABLE_CODE = YES;
				CLANG_WARN__DUPLICATE_METHOD_MATCH = YES;
				"CODE_SIGN_IDENTITY[sdk=iphoneos*]" = "iPhone Developer";
				COPY_PHASE_STRIP = NO;
				DEBUG_INFORMATION_FORMAT = "dwarf-with-dsym";
				ENABLE_NS_ASSERTIONS = NO;
				ENABLE_STRICT_OBJC_MSGSEND = YES;
				GCC_C_LANGUAGE_STANDARD = gnu99;
				GCC_NO_COMMON_BLOCKS = YES;
				GCC_WARN_64_TO_32_BIT_CONVERSION = YES;
				GCC_WARN_ABOUT_RETURN_TYPE = YES_ERROR;
				GCC_WARN_UNDECLARED_SELECTOR = YES;
				GCC_WARN_UNINITIALIZED_AUTOS = YES_AGGRESSIVE;
				GCC_WARN_UNUSED_FUNCTION = YES;
				GCC_WARN_UNUSED_VARIABLE = YES;
				IPHONEOS_DEPLOYMENT_TARGET = 10.1;
				MTL_ENABLE_DEBUG_INFO = NO;
				SDKROOT = iphoneos;
				SWIFT_OPTIMIZATION_LEVEL = "-Owholemodule";
				TARGETED_DEVICE_FAMILY = "1,2";
				VALIDATE_PRODUCT = YES;
			};
			name = Release;
		};
		570856C81DDBC6DD00668C74 /* Debug */ = {
			isa = XCBuildConfiguration;
			buildSettings = {
				ASSETCATALOG_COMPILER_APPICON_NAME = AppIcon;
				INFOPLIST_FILE = bld/Info.plist;
				LD_RUNPATH_SEARCH_PATHS = "$(inherited) @executable_path/Frameworks";
				PRODUCT_BUNDLE_IDENTIFIER = com.Faha.bld;
				PRODUCT_NAME = "$(TARGET_NAME)";
				SWIFT_VERSION = 3.0;
			};
			name = Debug;
		};
		570856C91DDBC6DD00668C74 /* Release */ = {
			isa = XCBuildConfiguration;
			buildSettings = {
				ASSETCATALOG_COMPILER_APPICON_NAME = AppIcon;
				INFOPLIST_FILE = bld/Info.plist;
				LD_RUNPATH_SEARCH_PATHS = "$(inherited) @executable_path/Frameworks";
				PRODUCT_BUNDLE_IDENTIFIER = com.Faha.bld;
				PRODUCT_NAME = "$(TARGET_NAME)";
				SWIFT_VERSION = 3.0;
			};
			name = Release;
		};
/* End XCBuildConfiguration section */

/* Begin XCConfigurationList section */
		5275947D1DF369C900FCA655 /* Build configuration list for PBXNativeTarget "bldTests" */ = {
			isa = XCConfigurationList;
			buildConfigurations = (
				5275947E1DF369C900FCA655 /* Debug */,
				5275947F1DF369C900FCA655 /* Release */,
			);
			defaultConfigurationIsVisible = 0;
			defaultConfigurationName = Release;
		};
		570856AD1DDBC6DC00668C74 /* Build configuration list for PBXProject "bld" */ = {
			isa = XCConfigurationList;
			buildConfigurations = (
				570856C51DDBC6DD00668C74 /* Debug */,
				570856C61DDBC6DD00668C74 /* Release */,
			);
			defaultConfigurationIsVisible = 0;
			defaultConfigurationName = Release;
		};
		570856C71DDBC6DD00668C74 /* Build configuration list for PBXNativeTarget "bld" */ = {
			isa = XCConfigurationList;
			buildConfigurations = (
				570856C81DDBC6DD00668C74 /* Debug */,
				570856C91DDBC6DD00668C74 /* Release */,
			);
			defaultConfigurationIsVisible = 0;
			defaultConfigurationName = Release;
		};
/* End XCConfigurationList section */

/* Begin XCVersionGroup section */
		570856BC1DDBC6DD00668C74 /* bld.xcdatamodeld */ = {
			isa = XCVersionGroup;
			children = (
				570856BD1DDBC6DD00668C74 /* bld.xcdatamodel */,
			);
			currentVersion = 570856BD1DDBC6DD00668C74 /* bld.xcdatamodel */;
			path = bld.xcdatamodeld;
			sourceTree = "<group>";
			versionGroupType = wrapper.xcdatamodel;
		};
/* End XCVersionGroup section */
	};
	rootObject = 570856AA1DDBC6DC00668C74 /* Project object */;
}
